Microsoft Visual Studio Solution File, Format Version 12.00
# Visual Studio Version 17
VisualStudioVersion = 17.5.2.0
MinimumVisualStudioVersion = 10.0.40219.1
Project("{FAE04EC0-301F-11D3-BF4B-00C04F79EFBC}") = "Evenote", "Evenote.csproj", "{350B7FA8-BC08-4162-43A9-E499B3EC3336}"
EndProject
Global
	GlobalSection(SolutionConfigurationPlatforms) = preSolution
		Debug|Any CPU = Debug|Any CPU
		Release|Any CPU = Release|Any CPU
	EndGlobalSection
	GlobalSection(ProjectConfigurationPlatforms) = postSolution
		{350B7FA8-BC08-4162-43A9-E499B3EC3336}.Debug|Any CPU.ActiveCfg = Debug|Any CPU
		{350B7FA8-BC08-4162-43A9-E499B3EC3336}.Debug|Any CPU.Build.0 = Debug|Any CPU
		{350B7FA8-BC08-4162-43A9-E499B3EC3336}.Release|Any CPU.ActiveCfg = Release|Any CPU
		{350B7FA8-BC08-4162-43A9-E499B3EC3336}.Release|Any CPU.Build.0 = Release|Any CPU
	EndGlobalSection
	GlobalSection(SolutionProperties) = preSolution
		HideSolutionNode = FALSE
	EndGlobalSection
	GlobalSection(ExtensibilityGlobals) = postSolution
		SolutionGuid = {9DF09BDD-0EA7-4810-AD57-165DF48B07FA}
	EndGlobalSection
EndGlobal
